
Microsoft Visual Studio Solution File, Format Version 12.00
# Visual Studio Version 17
VisualStudioVersion = 17.6.33723.286
MinimumVisualStudioVersion = 10.0.40219.1
Project("{FAE04EC0-301F-11D3-BF4B-00C04F79EFBC}") = "YT-DLP-Imp", "YT-DLP-Imp\YT-DLP-Imp.csproj", "{797CB700-B465-4683-83D4-2A654505C086}"
EndProject
Global
	GlobalSection(SolutionConfigurationPlatforms) = preSolution
		Debug|Any CPU = Debug|Any CPU
		Release|Any CPU = Release|Any CPU
	EndGlobalSection
	GlobalSection(ProjectConfigurationPlatforms) = postSolution
		{797CB700-B465-4683-83D4-2A654505C086}.Debug|Any CPU.ActiveCfg = Debug|Any CPU
		{797CB700-B465-4683-83D4-2A654505C086}.Debug|Any CPU.Build.0 = Debug|Any CPU
		{797CB700-B465-4683-83D4-2A654505C086}.Release|Any CPU.ActiveCfg = Release|Any CPU
		{797CB700-B465-4683-83D4-2A654505C086}.Release|Any CPU.Build.0 = Release|Any CPU
	EndGlobalSection
	GlobalSection(SolutionProperties) = preSolution
		HideSolutionNode = FALSE
	EndGlobalSection
	GlobalSection(ExtensibilityGlobals) = postSolution
		SolutionGuid = {F1EAB701-31DE-4379-84BD-42C5AD3B3F9B}
	EndGlobalSection
EndGlobal
